{
  "name": "cadrumo-dev-tooling",
  "lockfileVersion": 3,
  "requires": true,
  "packages": {
    "": {
      "name": "cadrumo-dev-tooling",
      "devDependencies": {
        "dictionary-ca": "3.0.0",
        "dictionary-en-gb": "3.0.0",
        "dictionary-es": "4.0.0",
        "dictionary-hu": "3.0.0"
      }
    },
    "node_modules/dictionary-ca": {
      "version": "3.0.0",
      "resolved": "https://registry.npmjs.org/dictionary-ca/-/dictionary-ca-3.0.0.tgz",
      "integrity": "sha512-h+crBYqX/X7cEU3cFAEgwIojOZTAw1wW4ybYN5Aum9f1oZ+8ULO/GGglLs8m8UBBGtSVLyoYf0CdvX8WKt8VDg==",
      "dev": true,
      "license": "(GPL-2.0 OR LGPL-2.1)",
      "funding": {
        "type": "github",
        "url": "https://github.com/sponsors/wooorm"
      }
    },
    "node_modules/dictionary-en-gb": {
      "version": "3.0.0",
      "resolved": "https://registry.npmjs.org/dictionary-en-gb/-/dictionary-en-gb-3.0.0.tgz",
      "integrity": "sha512-gU/dwC9xGYPh/0CCcmGNXO8OwSgOySAqevcSXxADCsgUD+tr6OJ52u7XaC7No7dNssvdUSfVjkzcqLrRZq3kPA==",
      "dev": true,
      "license": "(MIT AND BSD)",
      "funding": {
        "type": "github",
        "url": "https://github.com/sponsors/wooorm"
      }
    },
    "node_modules/dictionary-es": {
      "version": "4.0.0",
      "resolved": "https://registry.npmjs.org/dictionary-es/-/dictionary-es-4.0.0.tgz",
      "integrity": "sha512-8J3IYdaHYmkojxqhB+DneQpek6N/s3MwbVk3bPNGQSTBT5kxJtmbuiT0LSDP0Al6K9Vevo1sjspG8AGP9Yvxiw==",
      "dev": true,
      "license": "(GPL-3.0 OR LGPL-3.0 OR MPL-1.1)",
      "funding": {
        "type": "github",
        "url": "https://github.com/sponsors/wooorm"
      }
    },
    "node_modules/dictionary-hu": {
      "version": "3.0.0",
      "resolved": "https://registry.npmjs.org/dictionary-hu/-/dictionary-hu-3.0.0.tgz",
      "integrity": "sha512-yTOarR7/KU/E1VbqzCru8hX0TMtQGWo6JF5CBBBbsqodzBhPxO+rHrmRSrXUMlcsPieqm3wWQtXuO/3OjQ95gw==",
      "dev": true,
      "license": "(GPL-2.0 OR LGPL-2.1 OR MPL-1.1)",
      "funding": {
        "type": "github",
        "url": "https://github.com/sponsors/wooorm"
      }
    }
  }
}
